
Microsoft Visual Studio Solution File, Format Version 12.00
Project("{FAE04EC0-301F-11D3-BF4B-00C04F79EFBC}") = "ApiGateway", "ApiGateway\ApiGateway.csproj", "{4DC94D7B-0A72-41E1-9D76-613DE893CE8C}"
EndProject
Project("{FAE04EC0-301F-11D3-BF4B-00C04F79EFBC}") = "Customer.API", "Customer.API\Customer.API.csproj", "{7665A1BE-83D8-4A50-A42F-3BA528D0DED6}"
EndProject
Project("{FAE04EC0-301F-11D3-BF4B-00C04F79EFBC}") = "Order.API", "Order.API\Order.API.csproj", "{29781ED8-EDD4-431D-8ABF-3B4E7FAA711E}"
EndProject
Project("{2150E333-8FDC-42A3-9474-1A3956D46DE8}") = "Services", "Services", "{393EF899-FC6D-4F80-9ED3-9D908FAE63CE}"
EndProject
Project("{2150E333-8FDC-42A3-9474-1A3956D46DE8}") = "CustomerService", "CustomerService", "{B1FD1448-4E1C-4F38-883A-68EC4DD6F584}"
EndProject
Project("{2150E333-8FDC-42A3-9474-1A3956D46DE8}") = "OrderService", "OrderService", "{0CF9B1BB-79FD-492C-BC6A-CB998FBB40C9}"
EndProject
Project("{FAE04EC0-301F-11D3-BF4B-00C04F79EFBC}") = "Customer.Domain", "Customer.Domain\Customer.Domain.csproj", "{4661D2E7-5A76-4B75-9882-D4685D2BB0D5}"
EndProject
Project("{FAE04EC0-301F-11D3-BF4B-00C04F79EFBC}") = "Order.Domain", "Order.Domain\Order.Domain.csproj", "{43CE537A-B1AE-42DB-8FFC-9C52F29319F9}"
EndProject
Project("{FAE04EC0-301F-11D3-BF4B-00C04F79EFBC}") = "Data", "Data\Data.csproj", "{579141D6-792C-440A-8ACE-397ABA64B638}"
EndProject
Global
	GlobalSection(SolutionConfigurationPlatforms) = preSolution
		Debug|Any CPU = Debug|Any CPU
		Release|Any CPU = Release|Any CPU
	EndGlobalSection
	GlobalSection(ProjectConfigurationPlatforms) = postSolution
		{4DC94D7B-0A72-41E1-9D76-613DE893CE8C}.Debug|Any CPU.ActiveCfg = Debug|Any CPU
		{4DC94D7B-0A72-41E1-9D76-613DE893CE8C}.Debug|Any CPU.Build.0 = Debug|Any CPU
		{4DC94D7B-0A72-41E1-9D76-613DE893CE8C}.Release|Any CPU.ActiveCfg = Release|Any CPU
		{4DC94D7B-0A72-41E1-9D76-613DE893CE8C}.Release|Any CPU.Build.0 = Release|Any CPU
		{7665A1BE-83D8-4A50-A42F-3BA528D0DED6}.Debug|Any CPU.ActiveCfg = Debug|Any CPU
		{7665A1BE-83D8-4A50-A42F-3BA528D0DED6}.Debug|Any CPU.Build.0 = Debug|Any CPU
		{7665A1BE-83D8-4A50-A42F-3BA528D0DED6}.Release|Any CPU.ActiveCfg = Release|Any CPU
		{7665A1BE-83D8-4A50-A42F-3BA528D0DED6}.Release|Any CPU.Build.0 = Release|Any CPU
		{29781ED8-EDD4-431D-8ABF-3B4E7FAA711E}.Debug|Any CPU.ActiveCfg = Debug|Any CPU
		{29781ED8-EDD4-431D-8ABF-3B4E7FAA711E}.Debug|Any CPU.Build.0 = Debug|Any CPU
		{29781ED8-EDD4-431D-8ABF-3B4E7FAA711E}.Release|Any CPU.ActiveCfg = Release|Any CPU
		{29781ED8-EDD4-431D-8ABF-3B4E7FAA711E}.Release|Any CPU.Build.0 = Release|Any CPU
		{4661D2E7-5A76-4B75-9882-D4685D2BB0D5}.Debug|Any CPU.ActiveCfg = Debug|Any CPU
		{4661D2E7-5A76-4B75-9882-D4685D2BB0D5}.Debug|Any CPU.Build.0 = Debug|Any CPU
		{4661D2E7-5A76-4B75-9882-D4685D2BB0D5}.Release|Any CPU.ActiveCfg = Release|Any CPU
		{4661D2E7-5A76-4B75-9882-D4685D2BB0D5}.Release|Any CPU.Build.0 = Release|Any CPU
		{43CE537A-B1AE-42DB-8FFC-9C52F29319F9}.Debug|Any CPU.ActiveCfg = Debug|Any CPU
		{43CE537A-B1AE-42DB-8FFC-9C52F29319F9}.Debug|Any CPU.Build.0 = Debug|Any CPU
		{43CE537A-B1AE-42DB-8FFC-9C52F29319F9}.Release|Any CPU.ActiveCfg = Release|Any CPU
		{43CE537A-B1AE-42DB-8FFC-9C52F29319F9}.Release|Any CPU.Build.0 = Release|Any CPU
		{579141D6-792C-440A-8ACE-397ABA64B638}.Debug|Any CPU.ActiveCfg = Debug|Any CPU
		{579141D6-792C-440A-8ACE-397ABA64B638}.Debug|Any CPU.Build.0 = Debug|Any CPU
		{579141D6-792C-440A-8ACE-397ABA64B638}.Release|Any CPU.ActiveCfg = Release|Any CPU
		{579141D6-792C-440A-8ACE-397ABA64B638}.Release|Any CPU.Build.0 = Release|Any CPU
	EndGlobalSection
	GlobalSection(NestedProjects) = preSolution
		{B1FD1448-4E1C-4F38-883A-68EC4DD6F584} = {393EF899-FC6D-4F80-9ED3-9D908FAE63CE}
		{7665A1BE-83D8-4A50-A42F-3BA528D0DED6} = {B1FD1448-4E1C-4F38-883A-68EC4DD6F584}
		{0CF9B1BB-79FD-492C-BC6A-CB998FBB40C9} = {393EF899-FC6D-4F80-9ED3-9D908FAE63CE}
		{29781ED8-EDD4-431D-8ABF-3B4E7FAA711E} = {0CF9B1BB-79FD-492C-BC6A-CB998FBB40C9}
		{4661D2E7-5A76-4B75-9882-D4685D2BB0D5} = {B1FD1448-4E1C-4F38-883A-68EC4DD6F584}
		{43CE537A-B1AE-42DB-8FFC-9C52F29319F9} = {0CF9B1BB-79FD-492C-BC6A-CB998FBB40C9}
		{579141D6-792C-440A-8ACE-397ABA64B638} = {393EF899-FC6D-4F80-9ED3-9D908FAE63CE}
	EndGlobalSection
EndGlobal
